
Microsoft Visual Studio Solution File, Format Version 12.00
# Visual Studio Version 17
VisualStudioVersion = 17.8.34408.163
MinimumVisualStudioVersion = 10.0.40219.1
Project("{FAE04EC0-301F-11D3-BF4B-00C04F79EFBC}") = "C1_SchoolProject", "C1_SchoolProject.csproj", "{59E45404-E1A2-4920-9719-7730A21159F9}"
EndProject
Global
	GlobalSection(SolutionConfigurationPlatforms) = preSolution
		Debug|Any CPU = Debug|Any CPU
		Release|Any CPU = Release|Any CPU
	EndGlobalSection
	GlobalSection(ProjectConfigurationPlatforms) = postSolution
		{59E45404-E1A2-4920-9719-7730A21159F9}.Debug|Any CPU.ActiveCfg = Debug|Any CPU
		{59E45404-E1A2-4920-9719-7730A21159F9}.Debug|Any CPU.Build.0 = Debug|Any CPU
		{59E45404-E1A2-4920-9719-7730A21159F9}.Release|Any CPU.ActiveCfg = Release|Any CPU
		{59E45404-E1A2-4920-9719-7730A21159F9}.Release|Any CPU.Build.0 = Release|Any CPU
	EndGlobalSection
	GlobalSection(SolutionProperties) = preSolution
		HideSolutionNode = FALSE
	EndGlobalSection
	GlobalSection(ExtensibilityGlobals) = postSolution
		SolutionGuid = {EEB05196-0C9E-4A26-85F0-F1EB4BEC4641}
	EndGlobalSection
EndGlobal
